
Microsoft Visual Studio Solution File, Format Version 12.00
# Visual Studio Version 17
VisualStudioVersion = 17.1.32210.238
MinimumVisualStudioVersion = 10.0.40219.1
Project("{FAE04EC0-301F-11D3-BF4B-00C04F79EFBC}") = "CrewSolver", "src\CrewSolver\CrewSolver.csproj", "{2B7AA95A-BF72-4541-A9A1-923C22C64F39}"
EndProject
Project("{FAE04EC0-301F-11D3-BF4B-00C04F79EFBC}") = "CrewSolverTests", "src\CrewSolverTests\CrewSolverTests.csproj", "{552FD06C-71AF-48CC-BED4-916873211800}"
EndProject
Global
	GlobalSection(SolutionConfigurationPlatforms) = preSolution
		Debug|Any CPU = Debug|Any CPU
		Release|Any CPU = Release|Any CPU
	EndGlobalSection
	GlobalSection(ProjectConfigurationPlatforms) = postSolution
		{2B7AA95A-BF72-4541-A9A1-923C22C64F39}.Debug|Any CPU.ActiveCfg = Debug|Any CPU
		{2B7AA95A-BF72-4541-A9A1-923C22C64F39}.Debug|Any CPU.Build.0 = Debug|Any CPU
		{2B7AA95A-BF72-4541-A9A1-923C22C64F39}.Release|Any CPU.ActiveCfg = Release|Any CPU
		{2B7AA95A-BF72-4541-A9A1-923C22C64F39}.Release|Any CPU.Build.0 = Release|Any CPU
		{552FD06C-71AF-48CC-BED4-916873211800}.Debug|Any CPU.ActiveCfg = Debug|Any CPU
		{552FD06C-71AF-48CC-BED4-916873211800}.Debug|Any CPU.Build.0 = Debug|Any CPU
		{552FD06C-71AF-48CC-BED4-916873211800}.Release|Any CPU.ActiveCfg = Release|Any CPU
		{552FD06C-71AF-48CC-BED4-916873211800}.Release|Any CPU.Build.0 = Release|Any CPU
	EndGlobalSection
	GlobalSection(SolutionProperties) = preSolution
		HideSolutionNode = FALSE
	EndGlobalSection
	GlobalSection(ExtensibilityGlobals) = postSolution
		SolutionGuid = {E0665100-7F09-4638-A26E-54250F4FA807}
	EndGlobalSection
EndGlobal
